
Microsoft Visual Studio Solution File, Format Version 12.00
# Visual Studio 15
VisualStudioVersion = 15.0.27703.2000
MinimumVisualStudioVersion = 10.0.40219.1
Project("{FAE04EC0-301F-11D3-BF4B-00C04F79EFBC}") = "GetFileSc", "GetFileSc\GetFileSc.csproj", "{6755ABC3-A876-4C91-9135-A7E3D0DCF18A}"
EndProject
Global
	GlobalSection(SolutionConfigurationPlatforms) = preSolution
		Debug|Any CPU = Debug|Any CPU
		Release|Any CPU = Release|Any CPU
	EndGlobalSection
	GlobalSection(ProjectConfigurationPlatforms) = postSolution
		{6755ABC3-A876-4C91-9135-A7E3D0DCF18A}.Debug|Any CPU.ActiveCfg = Debug|Any CPU
		{6755ABC3-A876-4C91-9135-A7E3D0DCF18A}.Debug|Any CPU.Build.0 = Debug|Any CPU
		{6755ABC3-A876-4C91-9135-A7E3D0DCF18A}.Release|Any CPU.ActiveCfg = Release|Any CPU
		{6755ABC3-A876-4C91-9135-A7E3D0DCF18A}.Release|Any CPU.Build.0 = Release|Any CPU
	EndGlobalSection
	GlobalSection(SolutionProperties) = preSolution
		HideSolutionNode = FALSE
	EndGlobalSection
	GlobalSection(ExtensibilityGlobals) = postSolution
		SolutionGuid = {BA671F3F-D9C5-42BB-B308-C8F910EB1CF4}
	EndGlobalSection
EndGlobal
